
Microsoft Visual Studio Solution File, Format Version 12.00
# Visual Studio Version 16
VisualStudioVersion = 16.0.31605.320
MinimumVisualStudioVersion = 10.0.40219.1
Project("{FAE04EC0-301F-11D3-BF4B-00C04F79EFBC}") = "Teste.UWP", "Teste\Teste.UWP\Teste.UWP.csproj", "{EA9F6177-8EBA-4C51-9546-FAEEB6947DE0}"
EndProject
Project("{FAE04EC0-301F-11D3-BF4B-00C04F79EFBC}") = "Teste.Android", "Teste\Teste.Android\Teste.Android.csproj", "{5DE1D0FA-9FEB-4053-A2F9-60AF36DD7B84}"
EndProject
Project("{FAE04EC0-301F-11D3-BF4B-00C04F79EFBC}") = "Teste.iOS", "Teste\Teste.iOS\Teste.iOS.csproj", "{CAE8BDD0-8287-497A-8E49-D9A189B70F26}"
EndProject
Project("{FAE04EC0-301F-11D3-BF4B-00C04F79EFBC}") = "Teste", "Teste\Teste\Teste.csproj", "{93DF8EFC-EAFC-47FB-80B1-5A6423CB9958}"
EndProject
Global
	GlobalSection(SolutionConfigurationPlatforms) = preSolution
		Debug|Any CPU = Debug|Any CPU
		Debug|ARM = Debug|ARM
		Debug|iPhone = Debug|iPhone
		Debug|iPhoneSimulator = Debug|iPhoneSimulator

		Debug|x64 = Debug|x64
		Debug|x86 = Debug|x86
		Release|Any CPU = Release|Any CPU
		Release|ARM = Release|ARM
		Release|iPhone = Release|iPhone
		Release|iPhoneSimulator = Release|iPhoneSimulator
		Release|x64 = Release|x64
		Release|x86 = Release|x86
	EndGlobalSection
	GlobalSection(ProjectConfigurationPlatforms) = postSolution
		{EA9F6177-8EBA-4C51-9546-FAEEB6947DE0}.Debug|Any CPU.ActiveCfg = Debug|x86
		{EA9F6177-8EBA-4C51-9546-FAEEB6947DE0}.Debug|Any CPU.Build.0 = Debug|x86
		{EA9F6177-8EBA-4C51-9546-FAEEB6947DE0}.Debug|Any CPU.Deploy.0 = Debug|x86
		{EA9F6177-8EBA-4C51-9546-FAEEB6947DE0}.Debug|ARM.ActiveCfg = Debug|ARM
		{EA9F6177-8EBA-4C51-9546-FAEEB6947DE0}.Debug|ARM.Build.0 = Debug|ARM
		{EA9F6177-8EBA-4C51-9546-FAEEB6947DE0}.Debug|ARM.Deploy.0 = Debug|ARM
		{EA9F6177-8EBA-4C51-9546-FAEEB6947DE0}.Debug|iPhone.ActiveCfg = Debug|x86
		{EA9F6177-8EBA-4C51-9546-FAEEB6947DE0}.Debug|iPhone.Build.0 = Debug|x86
		{EA9F6177-8EBA-4C51-9546-FAEEB6947DE0}.Debug|iPhone.Deploy.0 = Debug|x86
		{EA9F6177-8EBA-4C51-9546-FAEEB6947DE0}.Debug|iPhoneSimulator.ActiveCfg = Debug|x86
		{EA9F6177-8EBA-4C51-9546-FAEEB6947DE0}.Debug|iPhoneSimulator.Build.0 = Debug|x86
		{EA9F6177-8EBA-4C51-9546-FAEEB6947DE0}.Debug|iPhoneSimulator.Deploy.0 = Debug|x86
		{EA9F6177-8EBA-4C51-9546-FAEEB6947DE0}.Debug|x64.ActiveCfg = Debug|x64
		{EA9F6177-8EBA-4C51-9546-FAEEB6947DE0}.Debug|x64.Build.0 = Debug|x64
		{EA9F6177-8EBA-4C51-9546-FAEEB6947DE0}.Debug|x64.Deploy.0 = Debug|x64
		{EA9F6177-8EBA-4C51-9546-FAEEB6947DE0}.Debug|x86.ActiveCfg = Debug|x86
		{EA9F6177-8EBA-4C51-9546-FAEEB6947DE0}.Debug|x86.Build.0 = Debug|x86
		{EA9F6177-8EBA-4C51-9546-FAEEB6947DE0}.Debug|x86.Deploy.0 = Debug|x86
		{EA9F6177-8EBA-4C51-9546-FAEEB6947DE0}.Release|Any CPU.ActiveCfg = Release|x86
		{EA9F6177-8EBA-4C51-9546-FAEEB6947DE0}.Release|Any CPU.Build.0 = Release|x86
		{EA9F6177-8EBA-4C51-9546-FAEEB6947DE0}.Release|Any CPU.Deploy.0 = Release|x86
		{EA9F6177-8EBA-4C51-9546-FAEEB6947DE0}.Release|ARM.ActiveCfg = Release|ARM
		{EA9F6177-8EBA-4C51-9546-FAEEB6947DE0}.Release|ARM.Build.0 = Release|ARM
		{EA9F6177-8EBA-4C51-9546-FAEEB6947DE0}.Release|ARM.Deploy.0 = Release|ARM
		{EA9F6177-8EBA-4C51-9546-FAEEB6947DE0}.Release|iPhone.ActiveCfg = Release|x86
		{EA9F6177-8EBA-4C51-9546-FAEEB6947DE0}.Release|iPhone.Build.0 = Release|x86
		{EA9F6177-8EBA-4C51-9546-FAEEB6947DE0}.Release|iPhone.Deploy.0 = Release|x86
		{EA9F6177-8EBA-4C51-9546-FAEEB6947DE0}.Release|iPhoneSimulator.ActiveCfg = Release|x86
		{EA9F6177-8EBA-4C51-9546-FAEEB6947DE0}.Release|iPhoneSimulator.Build.0 = Release|x86
		{EA9F6177-8EBA-4C51-9546-FAEEB6947DE0}.Release|iPhoneSimulator.Deploy.0 = Release|x86
		{EA9F6177-8EBA-4C51-9546-FAEEB6947DE0}.Release|x64.ActiveCfg = Release|x64
		{EA9F6177-8EBA-4C51-9546-FAEEB6947DE0}.Release|x64.Build.0 = Release|x64
		{EA9F6177-8EBA-4C51-9546-FAEEB6947DE0}.Release|x64.Deploy.0 = Release|x64
		{EA9F6177-8EBA-4C51-9546-FAEEB6947DE0}.Release|x86.ActiveCfg = Release|x86
		{EA9F6177-8EBA-4C51-9546-FAEEB6947DE0}.Release|x86.Build.0 = Release|x86
		{EA9F6177-8EBA-4C51-9546-FAEEB6947DE0}.Release|x86.Deploy.0 = Release|x86
		{5DE1D0FA-9FEB-4053-A2F9-60AF36DD7B84}.Debug|Any CPU.ActiveCfg = Debug|Any CPU
		{5DE1D0FA-9FEB-4053-A2F9-60AF36DD7B84}.Debug|Any CPU.Build.0 = Debug|Any CPU
		{5DE1D0FA-9FEB-4053-A2F9-60AF36DD7B84}.Debug|Any CPU.Deploy.0 = Debug|Any CPU
		{5DE1D0FA-9FEB-4053-A2F9-60AF36DD7B84}.Debug|ARM.ActiveCfg = Debug|Any CPU
		{5DE1D0FA-9FEB-4053-A2F9-60AF36DD7B84}.Debug|ARM.Build.0 = Debug|Any CPU
		{5DE1D0FA-9FEB-4053-A2F9-60AF36DD7B84}.Debug|ARM.Deploy.0 = Debug|Any CPU
		{5DE1D0FA-9FEB-4053-A2F9-60AF36DD7B84}.Debug|iPhone.ActiveCfg = Debug|Any CPU
		{5DE1D0FA-9FEB-4053-A2F9-60AF36DD7B84}.Debug|iPhone.Build.0 = Debug|Any CPU
		{5DE1D0FA-9FEB-4053-A2F9-60AF36DD7B84}.Debug|iPhone.Deploy.0 = Debug|Any CPU
		{5DE1D0FA-9FEB-4053-A2F9-60AF36DD7B84}.Debug|iPhoneSimulator.ActiveCfg = Debug|Any CPU
		{5DE1D0FA-9FEB-4053-A2F9-60AF36DD7B84}.Debug|iPhoneSimulator.Build.0 = Debug|Any CPU
		{5DE1D0FA-9FEB-4053-A2F9-60AF36DD7B84}.Debug|iPhoneSimulator.Deploy.0 = Debug|Any CPU
		{5DE1D0FA-9FEB-4053-A2F9-60AF36DD7B84}.Debug|x64.ActiveCfg = Debug|Any CPU
		{5DE1D0FA-9FEB-4053-A2F9-60AF36DD7B84}.Debug|x64.Build.0 = Debug|Any CPU
		{5DE1D0FA-9FEB-4053-A2F9-60AF36DD7B84}.Debug|x64.Deploy.0 = Debug|Any CPU
		{5DE1D0FA-9FEB-4053-A2F9-60AF36DD7B84}.Debug|x86.ActiveCfg = Debug|Any CPU
		{5DE1D0FA-9FEB-4053-A2F9-60AF36DD7B84}.Debug|x86.Build.0 = Debug|Any CPU
		{5DE1D0FA-9FEB-4053-A2F9-60AF36DD7B84}.Debug|x86.Deploy.0 = Debug|Any CPU
		{5DE1D0FA-9FEB-4053-A2F9-60AF36DD7B84}.Release|Any CPU.ActiveCfg = Release|Any CPU
		{5DE1D0FA-9FEB-4053-A2F9-60AF36DD7B84}.Release|Any CPU.Build.0 = Release|Any CPU
		{5DE1D0FA-9FEB-4053-A2F9-60AF36DD7B84}.Release|Any CPU.Deploy.0 = Release|Any CPU
		{5DE1D0FA-9FEB-4053-A2F9-60AF36DD7B84}.Release|ARM.ActiveCfg = Release|Any CPU
		{5DE1D0FA-9FEB-4053-A2F9-60AF36DD7B84}.Release|ARM.Build.0 = Release|Any CPU
		{5DE1D0FA-9FEB-4053-A2F9-60AF36DD7B84}.Release|ARM.Deploy.0 = Release|Any CPU
		{5DE1D0FA-9FEB-4053-A2F9-60AF36DD7B84}.Release|iPhone.ActiveCfg = Release|Any CPU
		{5DE1D0FA-9FEB-4053-A2F9-60AF36DD7B84}.Release|iPhone.Build.0 = Release|Any CPU
		{5DE1D0FA-9FEB-4053-A2F9-60AF36DD7B84}.Release|iPhone.Deploy.0 = Release|Any CPU
		{5DE1D0FA-9FEB-4053-A2F9-60AF36DD7B84}.Release|iPhoneSimulator.ActiveCfg = Release|Any CPU
		{5DE1D0FA-9FEB-4053-A2F9-60AF36DD7B84}.Release|iPhoneSimulator.Build.0 = Release|Any CPU
		{5DE1D0FA-9FEB-4053-A2F9-60AF36DD7B84}.Release|iPhoneSimulator.Deploy.0 = Release|Any CPU
		{5DE1D0FA-9FEB-4053-A2F9-60AF36DD7B84}.Release|x64.ActiveCfg = Release|Any CPU
		{5DE1D0FA-9FEB-4053-A2F9-60AF36DD7B84}.Release|x64.Build.0 = Release|Any CPU
		{5DE1D0FA-9FEB-4053-A2F9-60AF36DD7B84}.Release|x64.Deploy.0 = Release|Any CPU
		{5DE1D0FA-9FEB-4053-A2F9-60AF36DD7B84}.Release|x86.ActiveCfg = Release|Any CPU
		{5DE1D0FA-9FEB-4053-A2F9-60AF36DD7B84}.Release|x86.Build.0 = Release|Any CPU
		{5DE1D0FA-9FEB-4053-A2F9-60AF36DD7B84}.Release|x86.Deploy.0 = Release|Any CPU
		{CAE8BDD0-8287-497A-8E49-D9A189B70F26}.Debug|Any CPU.ActiveCfg = Debug|iPhoneSimulator
		{CAE8BDD0-8287-497A-8E49-D9A189B70F26}.Debug|Any CPU.Build.0 = Debug|iPhoneSimulator
		{CAE8BDD0-8287-497A-8E49-D9A189B70F26}.Debug|Any CPU.Deploy.0 = Debug|iPhoneSimulator
		{CAE8BDD0-8287-497A-8E49-D9A189B70F26}.Debug|ARM.ActiveCfg = Debug|iPhone
		{CAE8BDD0-8287-497A-8E49-D9A189B70F26}.Debug|ARM.Build.0 = Debug|iPhone
		{CAE8BDD0-8287-497A-8E49-D9A189B70F26}.Debug|ARM.Deploy.0 = Debug|iPhone
		{CAE8BDD0-8287-497A-8E49-D9A189B70F26}.Debug|iPhone.ActiveCfg = Debug|iPhone
		{CAE8BDD0-8287-497A-8E49-D9A189B70F26}.Debug|iPhone.Build.0 = Debug|iPhone
		{CAE8BDD0-8287-497A-8E49-D9A189B70F26}.Debug|iPhone.Deploy.0 = Debug|iPhone
		{CAE8BDD0-8287-497A-8E49-D9A189B70F26}.Debug|iPhoneSimulator.ActiveCfg = Debug|iPhoneSimulator
		{CAE8BDD0-8287-497A-8E49-D9A189B70F26}.Debug|iPhoneSimulator.Build.0 = Debug|iPhoneSimulator
		{CAE8BDD0-8287-497A-8E49-D9A189B70F26}.Debug|iPhoneSimulator.Deploy.0 = Debug|iPhoneSimulator
		{CAE8BDD0-8287-497A-8E49-D9A189B70F26}.Debug|x64.ActiveCfg = Debug|iPhoneSimulator
		{CAE8BDD0-8287-497A-8E49-D9A189B70F26}.Debug|x64.Build.0 = Debug|iPhoneSimulator
		{CAE8BDD0-8287-497A-8E49-D9A189B70F26}.Debug|x64.Deploy.0 = Debug|iPhoneSimulator
		{CAE8BDD0-8287-497A-8E49-D9A189B70F26}.Debug|x86.ActiveCfg = Debug|iPhoneSimulator
		{CAE8BDD0-8287-497A-8E49-D9A189B70F26}.Debug|x86.Build.0 = Debug|iPhoneSimulator
		{CAE8BDD0-8287-497A-8E49-D9A189B70F26}.Debug|x86.Deploy.0 = Debug|iPhoneSimulator
		{CAE8BDD0-8287-497A-8E49-D9A189B70F26}.Release|Any CPU.ActiveCfg = Release|iPhoneSimulator
		{CAE8BDD0-8287-497A-8E49-D9A189B70F26}.Release|Any CPU.Build.0 = Release|iPhoneSimulator
		{CAE8BDD0-8287-497A-8E49-D9A189B70F26}.Release|Any CPU.Deploy.0 = Release|iPhoneSimulator
		{CAE8BDD0-8287-497A-8E49-D9A189B70F26}.Release|ARM.ActiveCfg = Release|iPhoneSimulator
		{CAE8BDD0-8287-497A-8E49-D9A189B70F26}.Release|ARM.Build.0 = Release|iPhoneSimulator
		{CAE8BDD0-8287-497A-8E49-D9A189B70F26}.Release|ARM.Deploy.0 = Release|iPhoneSimulator
		{CAE8BDD0-8287-497A-8E49-D9A189B70F26}.Release|iPhone.ActiveCfg = Release|iPhone
		{CAE8BDD0-8287-497A-8E49-D9A189B70F26}.Release|iPhone.Build.0 = Release|iPhone
		{CAE8BDD0-8287-497A-8E49-D9A189B70F26}.Release|iPhone.Deploy.0 = Release|iPhone
		{CAE8BDD0-8287-497A-8E49-D9A189B70F26}.Release|iPhoneSimulator.ActiveCfg = Release|iPhoneSimulator
		{CAE8BDD0-8287-497A-8E49-D9A189B70F26}.Release|iPhoneSimulator.Build.0 = Release|iPhoneSimulator
		{CAE8BDD0-8287-497A-8E49-D9A189B70F26}.Release|iPhoneSimulator.Deploy.0 = Release|iPhoneSimulator
		{CAE8BDD0-8287-497A-8E49-D9A189B70F26}.Release|x64.ActiveCfg = Release|iPhoneSimulator
		{CAE8BDD0-8287-497A-8E49-D9A189B70F26}.Release|x64.Build.0 = Release|iPhoneSimulator
		{CAE8BDD0-8287-497A-8E49-D9A189B70F26}.Release|x64.Deploy.0 = Release|iPhoneSimulator
		{CAE8BDD0-8287-497A-8E49-D9A189B70F26}.Release|x86.ActiveCfg = Release|iPhoneSimulator
		{CAE8BDD0-8287-497A-8E49-D9A189B70F26}.Release|x86.Build.0 = Release|iPhoneSimulator
		{CAE8BDD0-8287-497A-8E49-D9A189B70F26}.Release|x86.Deploy.0 = Release|iPhoneSimulator
		{93DF8EFC-EAFC-47FB-80B1-5A6423CB9958}.Debug|Any CPU.ActiveCfg = Debug|Any CPU
		{93DF8EFC-EAFC-47FB-80B1-5A6423CB9958}.Debug|Any CPU.Build.0 = Debug|Any CPU
		{93DF8EFC-EAFC-47FB-80B1-5A6423CB9958}.Debug|Any CPU.Deploy.0 = Debug|Any CPU
		{93DF8EFC-EAFC-47FB-80B1-5A6423CB9958}.Debug|ARM.ActiveCfg = Debug|Any CPU
		{93DF8EFC-EAFC-47FB-80B1-5A6423CB9958}.Debug|ARM.Build.0 = Debug|Any CPU
		{93DF8EFC-EAFC-47FB-80B1-5A6423CB9958}.Debug|ARM.Deploy.0 = Debug|Any CPU
		{93DF8EFC-EAFC-47FB-80B1-5A6423CB9958}.Debug|iPhone.ActiveCfg = Debug|Any CPU
		{93DF8EFC-EAFC-47FB-80B1-5A6423CB9958}.Debug|iPhone.Build.0 = Debug|Any CPU
		{93DF8EFC-EAFC-47FB-80B1-5A6423CB9958}.Debug|iPhone.Deploy.0 = Debug|Any CPU
		{93DF8EFC-EAFC-47FB-80B1-5A6423CB9958}.Debug|iPhoneSimulator.ActiveCfg = Debug|Any CPU
		{93DF8EFC-EAFC-47FB-80B1-5A6423CB9958}.Debug|iPhoneSimulator.Build.0 = Debug|Any CPU
		{93DF8EFC-EAFC-47FB-80B1-5A6423CB9958}.Debug|iPhoneSimulator.Deploy.0 = Debug|Any CPU
		{93DF8EFC-EAFC-47FB-80B1-5A6423CB9958}.Debug|x64.ActiveCfg = Debug|Any CPU
		{93DF8EFC-EAFC-47FB-80B1-5A6423CB9958}.Debug|x64.Build.0 = Debug|Any CPU
		{93DF8EFC-EAFC-47FB-80B1-5A6423CB9958}.Debug|x64.Deploy.0 = Debug|Any CPU
		{93DF8EFC-EAFC-47FB-80B1-5A6423CB9958}.Debug|x86.ActiveCfg = Debug|Any CPU
		{93DF8EFC-EAFC-47FB-80B1-5A6423CB9958}.Debug|x86.Build.0 = Debug|Any CPU
		{93DF8EFC-EAFC-47FB-80B1-5A6423CB9958}.Debug|x86.Deploy.0 = Debug|Any CPU
		{93DF8EFC-EAFC-47FB-80B1-5A6423CB9958}.Release|Any CPU.ActiveCfg = Release|Any CPU
		{93DF8EFC-EAFC-47FB-80B1-5A6423CB9958}.Release|Any CPU.Build.0 = Release|Any CPU
		{93DF8EFC-EAFC-47FB-80B1-5A6423CB9958}.Release|Any CPU.Deploy.0 = Release|Any CPU
		{93DF8EFC-EAFC-47FB-80B1-5A6423CB9958}.Release|ARM.ActiveCfg = Release|Any CPU
		{93DF8EFC-EAFC-47FB-80B1-5A6423CB9958}.Release|ARM.Build.0 = Release|Any CPU
		{93DF8EFC-EAFC-47FB-80B1-5A6423CB9958}.Release|ARM.Deploy.0 = Release|Any CPU
		{93DF8EFC-EAFC-47FB-80B1-5A6423CB9958}.Release|iPhone.ActiveCfg = Release|Any CPU
		{93DF8EFC-EAFC-47FB-80B1-5A6423CB9958}.Release|iPhone.Build.0 = Release|Any CPU
		{93DF8EFC-EAFC-47FB-80B1-5A6423CB9958}.Release|iPhone.Deploy.0 = Release|Any CPU
		{93DF8EFC-EAFC-47FB-80B1-5A6423CB9958}.Release|iPhoneSimulator.ActiveCfg = Release|Any CPU
		{93DF8EFC-EAFC-47FB-80B1-5A6423CB9958}.Release|iPhoneSimulator.Build.0 = Release|Any CPU
		{93DF8EFC-EAFC-47FB-80B1-5A6423CB9958}.Release|iPhoneSimulator.Deploy.0 = Release|Any CPU
		{93DF8EFC-EAFC-47FB-80B1-5A6423CB9958}.Release|x64.ActiveCfg = Release|Any CPU
		{93DF8EFC-EAFC-47FB-80B1-5A6423CB9958}.Release|x64.Build.0 = Release|Any CPU
		{93DF8EFC-EAFC-47FB-80B1-5A6423CB9958}.Release|x64.Deploy.0 = Release|Any CPU
		{93DF8EFC-EAFC-47FB-80B1-5A6423CB9958}.Release|x86.ActiveCfg = Release|Any CPU
		{93DF8EFC-EAFC-47FB-80B1-5A6423CB9958}.Release|x86.Build.0 = Release|Any CPU
		{93DF8EFC-EAFC-47FB-80B1-5A6423CB9958}.Release|x86.Deploy.0 = Release|Any CPU
	EndGlobalSection
	GlobalSection(SolutionProperties) = preSolution
		HideSolutionNode = FALSE
	EndGlobalSection
	GlobalSection(ExtensibilityGlobals) = postSolution
		SolutionGuid = {8BCDC9DC-5B2E-4148-8329-2C7B40113B53}
	EndGlobalSection
EndGlobal
